
Microsoft Visual Studio Solution File, Format Version 12.00
# Visual Studio Version 17
VisualStudioVersion = 17.14.36518.9
MinimumVisualStudioVersion = 10.0.40219.1
Project("{FAE04EC0-301F-11D3-BF4B-00C04F79EFBC}") = "DVDLPresentaionLayer", "DVDLPresentaionLayer.csproj", "{55124A97-2C16-48BB-A98E-D78E95DBE151}"
EndProject
Project("{FAE04EC0-301F-11D3-BF4B-00C04F79EFBC}") = "DVDLDataAccessLayer", "..\DVDLDataAccessLayer\DVDLDataAccessLayer.csproj", "{DEB6EF92-4B45-403E-B208-7A19DB1C82AC}"
EndProject
Project("{FAE04EC0-301F-11D3-BF4B-00C04F79EFBC}") = "DVDLBusinussLayer", "..\DVDLBusinussLayer\DVDLBusinussLayer.csproj", "{7651D88B-3B11-4EEB-95A5-94891BCC024F}"
EndProject
Global
	GlobalSection(SolutionConfigurationPlatforms) = preSolution
		Debug|Any CPU = Debug|Any CPU
		Release|Any CPU = Release|Any CPU
	EndGlobalSection
	GlobalSection(ProjectConfigurationPlatforms) = postSolution
		{55124A97-2C16-48BB-A98E-D78E95DBE151}.Debug|Any CPU.ActiveCfg = Debug|Any CPU
		{55124A97-2C16-48BB-A98E-D78E95DBE151}.Debug|Any CPU.Build.0 = Debug|Any CPU
		{55124A97-2C16-48BB-A98E-D78E95DBE151}.Release|Any CPU.ActiveCfg = Release|Any CPU
		{55124A97-2C16-48BB-A98E-D78E95DBE151}.Release|Any CPU.Build.0 = Release|Any CPU
		{DEB6EF92-4B45-403E-B208-7A19DB1C82AC}.Debug|Any CPU.ActiveCfg = Debug|Any CPU
		{DEB6EF92-4B45-403E-B208-7A19DB1C82AC}.Debug|Any CPU.Build.0 = Debug|Any CPU
		{DEB6EF92-4B45-403E-B208-7A19DB1C82AC}.Release|Any CPU.ActiveCfg = Release|Any CPU
		{DEB6EF92-4B45-403E-B208-7A19DB1C82AC}.Release|Any CPU.Build.0 = Release|Any CPU
		{7651D88B-3B11-4EEB-95A5-94891BCC024F}.Debug|Any CPU.ActiveCfg = Debug|Any CPU
		{7651D88B-3B11-4EEB-95A5-94891BCC024F}.Debug|Any CPU.Build.0 = Debug|Any CPU
		{7651D88B-3B11-4EEB-95A5-94891BCC024F}.Release|Any CPU.ActiveCfg = Release|Any CPU
		{7651D88B-3B11-4EEB-95A5-94891BCC024F}.Release|Any CPU.Build.0 = Release|Any CPU
	EndGlobalSection
	GlobalSection(SolutionProperties) = preSolution
		HideSolutionNode = FALSE
	EndGlobalSection
	GlobalSection(ExtensibilityGlobals) = postSolution
		SolutionGuid = {8DBB32A8-E3EA-4AB4-A5CB-E5B0B7BBE382}
	EndGlobalSection
EndGlobal
